
Microsoft Visual Studio Solution File, Format Version 12.00
# Visual Studio Version 17
VisualStudioVersion = 17.0.31919.166
MinimumVisualStudioVersion = 10.0.40219.1
Project("{9A19103F-16F7-4668-BE54-9A1E7A4F7556}") = "laab4", "laab4\laab4.csproj", "{45C7E3C2-4F05-4FE7-8530-CD3ED3D5AA73}"
EndProject
Project("{FAE04EC0-301F-11D3-BF4B-00C04F79EFBC}") = "laab4.2.", "laab4.2\laab4.2..csproj", "{17FBBABB-D5D7-45CB-9AD7-1E3595B1C74A}"
EndProject
Project("{FAE04EC0-301F-11D3-BF4B-00C04F79EFBC}") = "laab4.3.", "laab4.3\laab4.3..csproj", "{43E6FB8B-59AE-435D-A257-9B1B22C0B14C}"
EndProject
Global
	GlobalSection(SolutionConfigurationPlatforms) = preSolution
		Debug|Any CPU = Debug|Any CPU
		Release|Any CPU = Release|Any CPU
	EndGlobalSection
	GlobalSection(ProjectConfigurationPlatforms) = postSolution
		{45C7E3C2-4F05-4FE7-8530-CD3ED3D5AA73}.Debug|Any CPU.ActiveCfg = Debug|Any CPU
		{45C7E3C2-4F05-4FE7-8530-CD3ED3D5AA73}.Debug|Any CPU.Build.0 = Debug|Any CPU
		{45C7E3C2-4F05-4FE7-8530-CD3ED3D5AA73}.Release|Any CPU.ActiveCfg = Release|Any CPU
		{45C7E3C2-4F05-4FE7-8530-CD3ED3D5AA73}.Release|Any CPU.Build.0 = Release|Any CPU
		{17FBBABB-D5D7-45CB-9AD7-1E3595B1C74A}.Debug|Any CPU.ActiveCfg = Debug|Any CPU
		{17FBBABB-D5D7-45CB-9AD7-1E3595B1C74A}.Debug|Any CPU.Build.0 = Debug|Any CPU
		{17FBBABB-D5D7-45CB-9AD7-1E3595B1C74A}.Release|Any CPU.ActiveCfg = Release|Any CPU
		{17FBBABB-D5D7-45CB-9AD7-1E3595B1C74A}.Release|Any CPU.Build.0 = Release|Any CPU
		{43E6FB8B-59AE-435D-A257-9B1B22C0B14C}.Debug|Any CPU.ActiveCfg = Debug|Any CPU
		{43E6FB8B-59AE-435D-A257-9B1B22C0B14C}.Debug|Any CPU.Build.0 = Debug|Any CPU
		{43E6FB8B-59AE-435D-A257-9B1B22C0B14C}.Release|Any CPU.ActiveCfg = Release|Any CPU
		{43E6FB8B-59AE-435D-A257-9B1B22C0B14C}.Release|Any CPU.Build.0 = Release|Any CPU
	EndGlobalSection
	GlobalSection(SolutionProperties) = preSolution
		HideSolutionNode = FALSE
	EndGlobalSection
	GlobalSection(ExtensibilityGlobals) = postSolution
		SolutionGuid = {40EA4F88-932C-40D9-841F-6B436E1978F7}
	EndGlobalSection
EndGlobal
